// !$*UTF8*$!
{
	archiveVersion = 1;
	classes = {
	};
	objectVersion = 46;
	objects = {

/* Begin PBXBuildFile section */
		6E2FE21250FB28162A7068D0 /* Pods_NotMyAnimeList.framework in Frameworks */ = {isa = PBXBuildFile; fileRef = 90AC95F84F17B932EB8BCD42 /* Pods_NotMyAnimeList.framework */; };
		BF1007841F52732B00BB9FF9 /* AppDelegate.swift in Sources */ = {isa = PBXBuildFile; fileRef = BF1007831F52732B00BB9FF9 /* AppDelegate.swift */; };
		BF1007861F52732B00BB9FF9 /* ViewController.swift in Sources */ = {isa = PBXBuildFile; fileRef = BF1007851F52732B00BB9FF9 /* ViewController.swift */; };
		BF1007891F52732B00BB9FF9 /* Main.storyboard in Resources */ = {isa = PBXBuildFile; fileRef = BF1007871F52732B00BB9FF9 /* Main.storyboard */; };
		BF10078B1F52732B00BB9FF9 /* Assets.xcassets in Resources */ = {isa = PBXBuildFile; fileRef = BF10078A1F52732B00BB9FF9 /* Assets.xcassets */; };
		BF10078E1F52732B00BB9FF9 /* LaunchScreen.storyboard in Resources */ = {isa = PBXBuildFile; fileRef = BF10078C1F52732B00BB9FF9 /* LaunchScreen.storyboard */; };
		BF62EB5B1F52C609005EF425 /* Anime.swift in Sources */ = {isa = PBXBuildFile; fileRef = BF62EB5A1F52C609005EF425 /* Anime.swift */; };
/* End PBXBuildFile section */

/* Begin PBXFileReference section */
		90AC95F84F17B932EB8BCD42 /* Pods_NotMyAnimeList.framework */ = {isa = PBXFileReference; explicitFileType = wrapper.framework; includeInIndex = 0; path = Pods_NotMyAnimeList.framework; sourceTree = BUILT_PRODUCTS_DIR; };
		9E7125901CB9969916FFD457 /* Pods-NotMyAnimeList.release.xcconfig */ = {isa = PBXFileReference; includeInIndex = 1; lastKnownFileType = text.xcconfig; name = "Pods-NotMyAnimeList.release.xcconfig"; path = "Pods/Target Support Files/Pods-NotMyAnimeList/Pods-NotMyAnimeList.release.xcconfig"; sourceTree = "<group>"; };
		BF1007801F52732B00BB9FF9 /* NotMyAnimeList.app */ = {isa = PBXFileReference; explicitFileType = wrapper.application; includeInIndex = 0; path = NotMyAnimeList.app; sourceTree = BUILT_PRODUCTS_DIR; };
		BF1007831F52732B00BB9FF9 /* AppDelegate.swift */ = {isa = PBXFileReference; lastKnownFileType = sourcecode.swift; path = AppDelegate.swift; sourceTree = "<group>"; };
		BF1007851F52732B00BB9FF9 /* ViewController.swift */ = {isa = PBXFileReference; lastKnownFileType = sourcecode.swift; path = ViewController.swift; sourceTree = "<group>"; };
		BF1007881F52732B00BB9FF9 /* Base */ = {isa = PBXFileReference; lastKnownFileType = file.storyboard; name = Base; path = Base.lproj/Main.storyboard; sourceTree = "<group>"; };
		BF10078A1F52732B00BB9FF9 /* Assets.xcassets */ = {isa = PBXFileReference; lastKnownFileType = folder.assetcatalog; path = Assets.xcassets; sourceTree = "<group>"; };
		BF10078D1F52732B00BB9FF9 /* Base */ = {isa = PBXFileReference; lastKnownFileType = file.storyboard; name = Base; path = Base.lproj/LaunchScreen.storyboard; sourceTree = "<group>"; };
		BF10078F1F52732B00BB9FF9 /* Info.plist */ = {isa = PBXFileReference; lastKnownFileType = text.plist.xml; path = Info.plist; sourceTree = "<group>"; };
		BF62EB5A1F52C609005EF425 /* Anime.swift */ = {isa = PBXFileReference; fileEncoding = 4; lastKnownFileType = sourcecode.swift; name = Anime.swift; path = Model/Anime.swift; sourceTree = "<group>"; };
		CCB4A68B790B10DF02D639BD /* Pods-NotMyAnimeList.debug.xcconfig */ = {isa = PBXFileReference; includeInIndex = 1; lastKnownFileType = text.xcconfig; name = "Pods-NotMyAnimeList.debug.xcconfig"; path = "Pods/Target Support Files/Pods-NotMyAnimeList/Pods-NotMyAnimeList.debug.xcconfig"; sourceTree = "<group>"; };
/* End PBXFileReference section */

/* Begin PBXFrameworksBuildPhase section */
		BF10077D1F52732B00BB9FF9 /* Frameworks */ = {
			isa = PBXFrameworksBuildPhase;
			buildActionMask = 2147483647;
			files = (
				6E2FE21250FB28162A7068D0 /* Pods_NotMyAnimeList.framework in Frameworks */,
			);
			runOnlyForDeploymentPostprocessing = 0;
		};
/* End PBXFrameworksBuildPhase section */

/* Begin PBXGroup section */
		0B8916A623310D7B728A0A7A /* Frameworks */ = {
			isa = PBXGroup;
			children = (
				90AC95F84F17B932EB8BCD42 /* Pods_NotMyAnimeList.framework */,
			);
			name = Frameworks;
			sourceTree = "<group>";
		};
		1952B2010336C0937B2A4E09 /* Pods */ = {
			isa = PBXGroup;
			children = (
				CCB4A68B790B10DF02D639BD /* Pods-NotMyAnimeList.debug.xcconfig */,
				9E7125901CB9969916FFD457 /* Pods-NotMyAnimeList.release.xcconfig */,
			);
			name = Pods;
			sourceTree = "<group>";
		};
		BF1007771F52732B00BB9FF9 = {
			isa = PBXGroup;
			children = (
				BF1007821F52732B00BB9FF9 /* NotMyAnimeList */,
				BF1007811F52732B00BB9FF9 /* Products */,
				1952B2010336C0937B2A4E09 /* Pods */,
				0B8916A623310D7B728A0A7A /* Frameworks */,
			);
			sourceTree = "<group>";
		};
		BF1007811F52732B00BB9FF9 /* Products */ = {
			isa = PBXGroup;
			children = (
				BF1007801F52732B00BB9FF9 /* NotMyAnimeList.app */,
			);
			name = Products;
			sourceTree = "<group>";
		};
		BF1007821F52732B00BB9FF9 /* NotMyAnimeList */ = {
			isa = PBXGroup;
			children = (
				BF62EB591F52C46F005EF425 /* Storyboard */,
				BF62EB581F52C45E005EF425 /* Global */,
				BF62EB571F52C453005EF425 /* Networking */,
				BF62EB561F52C44D005EF425 /* Controller */,
				BF62EB551F52C447005EF425 /* ViewModel */,
				BF62EB541F52C440005EF425 /* View */,
				BF62EB531F52C42E005EF425 /* Model */,
				BF10078A1F52732B00BB9FF9 /* Assets.xcassets */,
				BF10078F1F52732B00BB9FF9 /* Info.plist */,
			);
			path = NotMyAnimeList;
			sourceTree = "<group>";
		};
		BF62EB531F52C42E005EF425 /* Model */ = {
			isa = PBXGroup;
			children = (
				BF1007831F52732B00BB9FF9 /* AppDelegate.swift */,
				BF62EB5A1F52C609005EF425 /* Anime.swift */,
			);
			name = Model;
			sourceTree = "<group>";
		};
		BF62EB541F52C440005EF425 /* View */ = {
			isa = PBXGroup;
			children = (
			);
			name = View;
			sourceTree = "<group>";
		};
		BF62EB551F52C447005EF425 /* ViewModel */ = {
			isa = PBXGroup;
			children = (
			);
			name = ViewModel;
			sourceTree = "<group>";
		};
		BF62EB561F52C44D005EF425 /* Controller */ = {
			isa = PBXGroup;
			children = (
			);
			name = Controller;
			sourceTree = "<group>";
		};
		BF62EB571F52C453005EF425 /* Networking */ = {
			isa = PBXGroup;
			children = (
				BF1007851F52732B00BB9FF9 /* ViewController.swift */,
			);
			name = Networking;
			sourceTree = "<group>";
		};
		BF62EB581F52C45E005EF425 /* Global */ = {
			isa = PBXGroup;
			children = (
			);
			name = Global;
			sourceTree = "<group>";
		};
		BF62EB591F52C46F005EF425 /* Storyboard */ = {
			isa = PBXGroup;
			children = (
				BF10078C1F52732B00BB9FF9 /* LaunchScreen.storyboard */,
				BF1007871F52732B00BB9FF9 /* Main.storyboard */,
			);
			name = Storyboard;
			sourceTree = "<group>";
		};
/* End PBXGroup section */

/* Begin PBXNativeTarget section */
		BF10077F1F52732B00BB9FF9 /* NotMyAnimeList */ = {
			isa = PBXNativeTarget;
			buildConfigurationList = BF1007921F52732B00BB9FF9 /* Build configuration list for PBXNativeTarget "NotMyAnimeList" */;
			buildPhases = (
				C89823EA689E5C769D702943 /* [CP] Check Pods Manifest.lock */,
				BF10077C1F52732B00BB9FF9 /* Sources */,
				BF10077D1F52732B00BB9FF9 /* Frameworks */,
				BF10077E1F52732B00BB9FF9 /* Resources */,
				861A7B245C469B72B72A11FC /* [CP] Embed Pods Frameworks */,
				80291CC29922FC76B2888DCC /* [CP] Copy Pods Resources */,
			);
			buildRules = (
			);
			dependencies = (
			);
			name = NotMyAnimeList;
			productName = NotMyAnimeList;
			productReference = BF1007801F52732B00BB9FF9 /* NotMyAnimeList.app */;
			productType = "com.apple.product-type.application";
		};
/* End PBXNativeTarget section */

/* Begin PBXProject section */
		BF1007781F52732B00BB9FF9 /* Project object */ = {
			isa = PBXProject;
			attributes = {
				LastSwiftUpdateCheck = 0830;
				LastUpgradeCheck = 0830;
				ORGANIZATIONNAME = "Isaac Delgado";
				TargetAttributes = {
					BF10077F1F52732B00BB9FF9 = {
						CreatedOnToolsVersion = 8.3.3;
						ProvisioningStyle = Automatic;
					};
				};
			};
			buildConfigurationList = BF10077B1F52732B00BB9FF9 /* Build configuration list for PBXProject "NotMyAnimeList" */;
			compatibilityVersion = "Xcode 3.2";
			developmentRegion = English;
			hasScannedForEncodings = 0;
			knownRegions = (
				en,
				Base,
			);
			mainGroup = BF1007771F52732B00BB9FF9;
			productRefGroup = BF1007811F52732B00BB9FF9 /* Products */;
			projectDirPath = "";
			projectRoot = "";
			targets = (
				BF10077F1F52732B00BB9FF9 /* NotMyAnimeList */,
			);
		};
/* End PBXProject section */

/* Begin PBXResourcesBuildPhase section */
		BF10077E1F52732B00BB9FF9 /* Resources */ = {
			isa = PBXResourcesBuildPhase;
			buildActionMask = 2147483647;
			files = (
				BF10078E1F52732B00BB9FF9 /* LaunchScreen.storyboard in Resources */,
				BF10078B1F52732B00BB9FF9 /* Assets.xcassets in Resources */,
				BF1007891F52732B00BB9FF9 /* Main.storyboard in Resources */,
			);
			runOnlyForDeploymentPostprocessing = 0;
		};
/* End PBXResourcesBuildPhase section */

/* Begin PBXShellScriptBuildPhase section */
		80291CC29922FC76B2888DCC /* [CP] Copy Pods Resources */ = {
			isa = PBXShellScriptBuildPhase;
			buildActionMask = 2147483647;
			files = (
			);
			inputPaths = (
			);
			name = "[CP] Copy Pods Resources";
			outputPaths = (
			);
			runOnlyForDeploymentPostprocessing = 0;
			shellPath = /bin/sh;
			shellScript = "\"${SRCROOT}/Pods/Target Support Files/Pods-NotMyAnimeList/Pods-NotMyAnimeList-resources.sh\"\n";
			showEnvVarsInLog = 0;
		};
		861A7B245C469B72B72A11FC /* [CP] Embed Pods Frameworks */ = {
			isa = PBXShellScriptBuildPhase;
			buildActionMask = 2147483647;
			files = (
			);
			inputPaths = (
				"${SRCROOT}/Pods/Target Support Files/Pods-NotMyAnimeList/Pods-NotMyAnimeList-frameworks.sh",
				"${BUILT_PRODUCTS_DIR}/Alamofire/Alamofire.framework",
				"${BUILT_PRODUCTS_DIR}/AlamofireObjectMapper/AlamofireObjectMapper.framework",
				"${BUILT_PRODUCTS_DIR}/ObjectMapper/ObjectMapper.framework",
				"${BUILT_PRODUCTS_DIR}/Realm/Realm.framework",
				"${BUILT_PRODUCTS_DIR}/RealmSwift/RealmSwift.framework",
			);
			name = "[CP] Embed Pods Frameworks";
			outputPaths = (
				"${TARGET_BUILD_DIR}/${FRAMEWORKS_FOLDER_PATH}/Alamofire.framework",
				"${TARGET_BUILD_DIR}/${FRAMEWORKS_FOLDER_PATH}/AlamofireObjectMapper.framework",
				"${TARGET_BUILD_DIR}/${FRAMEWORKS_FOLDER_PATH}/ObjectMapper.framework",
				"${TARGET_BUILD_DIR}/${FRAMEWORKS_FOLDER_PATH}/Realm.framework",
				"${TARGET_BUILD_DIR}/${FRAMEWORKS_FOLDER_PATH}/RealmSwift.framework",
			);
			runOnlyForDeploymentPostprocessing = 0;
			shellPath = /bin/sh;
			shellScript = "\"${SRCROOT}/Pods/Target Support Files/Pods-NotMyAnimeList/Pods-NotMyAnimeList-frameworks.sh\"\n";
			showEnvVarsInLog = 0;
		};
		C89823EA689E5C769D702943 /* [CP] Check Pods Manifest.lock */ = {
			isa = PBXShellScriptBuildPhase;
			buildActionMask = 2147483647;
			files = (
			);
			inputPaths = (
				"${PODS_PODFILE_DIR_PATH}/Podfile.lock",
				"${PODS_ROOT}/Manifest.lock",
			);
			name = "[CP] Check Pods Manifest.lock";
			outputPaths = (
				"$(DERIVED_FILE_DIR)/Pods-NotMyAnimeList-checkManifestLockResult.txt",
			);
			runOnlyForDeploymentPostprocessing = 0;
			shellPath = /bin/sh;
			shellScript = "diff \"${PODS_PODFILE_DIR_PATH}/Podfile.lock\" \"${PODS_ROOT}/Manifest.lock\" > /dev/null\nif [ $? != 0 ] ; then\n    # print error to STDERR\n    echo \"error: The sandbox is not in sync with the Podfile.lock. Run 'pod install' or update your CocoaPods installation.\" >&2\n    exit 1\nfi\n# This output is used by Xcode 'outputs' to avoid re-running this script phase.\necho \"SUCCESS\" > \"${SCRIPT_OUTPUT_FILE_0}\"\n";
			showEnvVarsInLog = 0;
		};
/* End PBXShellScriptBuildPhase section */

/* Begin PBXSourcesBuildPhase section */
		BF10077C1F52732B00BB9FF9 /* Sources */ = {
			isa = PBXSourcesBuildPhase;
			buildActionMask = 2147483647;
			files = (
				BF1007861F52732B00BB9FF9 /* ViewController.swift in Sources */,
				BF1007841F52732B00BB9FF9 /* AppDelegate.swift in Sources */,
				BF62EB5B1F52C609005EF425 /* Anime.swift in Sources */,
			);
			runOnlyForDeploymentPostprocessing = 0;
		};
/* End PBXSourcesBuildPhase section */

/* Begin PBXVariantGroup section */
		BF1007871F52732B00BB9FF9 /* Main.storyboard */ = {
			isa = PBXVariantGroup;
			children = (
				BF1007881F52732B00BB9FF9 /* Base */,
			);
			name = Main.storyboard;
			sourceTree = "<group>";
		};
		BF10078C1F52732B00BB9FF9 /* LaunchScreen.storyboard */ = {
			isa = PBXVariantGroup;
			children = (
				BF10078D1F52732B00BB9FF9 /* Base */,
			);
			name = LaunchScreen.storyboard;
			sourceTree = "<group>";
		};
/* End PBXVariantGroup section */

/* Begin XCBuildConfiguration section */
		BF1007901F52732B00BB9FF9 /* Debug */ = {
			isa = XCBuildConfiguration;
			buildSettings = {
				ALWAYS_SEARCH_USER_PATHS = NO;
				CLANG_ANALYZER_NONNULL = YES;
				CLANG_ANALYZER_NUMBER_OBJECT_CONVERSION = YES_AGGRESSIVE;
				CLANG_CXX_LANGUAGE_STANDARD = "gnu++0x";
				CLANG_CXX_LIBRARY = "libc++";
				CLANG_ENABLE_MODULES = YES;
				CLANG_ENABLE_OBJC_ARC = YES;
				CLANG_WARN_BOOL_CONVERSION = YES;
				CLANG_WARN_CONSTANT_CONVERSION = YES;
				CLANG_WARN_DIRECT_OBJC_ISA_USAGE = YES_ERROR;
				CLANG_WARN_DOCUMENTATION_COMMENTS = YES;
				CLANG_WARN_EMPTY_BODY = YES;
				CLANG_WARN_ENUM_CONVERSION = YES;
				CLANG_WARN_INFINITE_RECURSION = YES;
				CLANG_WARN_INT_CONVERSION = YES;
				CLANG_WARN_OBJC_ROOT_CLASS = YES_ERROR;
				CLANG_WARN_SUSPICIOUS_MOVE = YES;
				CLANG_WARN_UNREACHABLE_CODE = YES;
				CLANG_WARN__DUPLICATE_METHOD_MATCH = YES;
				"CODE_SIGN_IDENTITY[sdk=iphoneos*]" = "iPhone Developer";
				COPY_PHASE_STRIP = NO;
				DEBUG_INFORMATION_FORMAT = dwarf;
				ENABLE_STRICT_OBJC_MSGSEND = YES;
				ENABLE_TESTABILITY = YES;
				GCC_C_LANGUAGE_STANDARD = gnu99;
				GCC_DYNAMIC_NO_PIC = NO;
				GCC_NO_COMMON_BLOCKS = YES;
				GCC_OPTIMIZATION_LEVEL = 0;
				GCC_PREPROCESSOR_DEFINITIONS = (
					"DEBUG=1",
					"$(inherited)",
				);
				GCC_WARN_64_TO_32_BIT_CONVERSION = YES;
				GCC_WARN_ABOUT_RETURN_TYPE = YES_ERROR;
				GCC_WARN_UNDECLARED_SELECTOR = YES;
				GCC_WARN_UNINITIALIZED_AUTOS = YES_AGGRESSIVE;
				GCC_WARN_UNUSED_FUNCTION = YES;
				GCC_WARN_UNUSED_VARIABLE = YES;
				IPHONEOS_DEPLOYMENT_TARGET = 10.3;
				MTL_ENABLE_DEBUG_INFO = YES;
				ONLY_ACTIVE_ARCH = YES;
				SDKROOT = iphoneos;
				SWIFT_ACTIVE_COMPILATION_CONDITIONS = DEBUG;
				SWIFT_OPTIMIZATION_LEVEL = "-Onone";
				TARGETED_DEVICE_FAMILY = "1,2";
			};
			name = Debug;
		};
		BF1007911F52732B00BB9FF9 /* Release */ = {
			isa = XCBuildConfiguration;
			buildSettings = {
				ALWAYS_SEARCH_USER_PATHS = NO;
				CLANG_ANALYZER_NONNULL = YES;
				CLANG_ANALYZER_NUMBER_OBJECT_CONVERSION = YES_AGGRESSIVE;
				CLANG_CXX_LANGUAGE_STANDARD = "gnu++0x";
				CLANG_CXX_LIBRARY = "libc++";
				CLANG_ENABLE_MODULES = YES;
				CLANG_ENABLE_OBJC_ARC = YES;
				CLANG_WARN_BOOL_CONVERSION = YES;
				CLANG_WARN_CONSTANT_CONVERSION = YES;
				CLANG_WARN_DIRECT_OBJC_ISA_USAGE = YES_ERROR;
				CLANG_WARN_DOCUMENTATION_COMMENTS = YES;
				CLANG_WARN_EMPTY_BODY = YES;
				CLANG_WARN_ENUM_CONVERSION = YES;
				CLANG_WARN_INFINITE_RECURSION = YES;
				CLANG_WARN_INT_CONVERSION = YES;
				CLANG_WARN_OBJC_ROOT_CLASS = YES_ERROR;
				CLANG_WARN_SUSPICIOUS_MOVE = YES;
				CLANG_WARN_UNREACHABLE_CODE = YES;
				CLANG_WARN__DUPLICATE_METHOD_MATCH = YES;
				"CODE_SIGN_IDENTITY[sdk=iphoneos*]" = "iPhone Developer";
				COPY_PHASE_STRIP = NO;
				DEBUG_INFORMATION_FORMAT = "dwarf-with-dsym";
				ENABLE_NS_ASSERTIONS = NO;
				ENABLE_STRICT_OBJC_MSGSEND = YES;
				GCC_C_LANGUAGE_STANDARD = gnu99;
				GCC_NO_COMMON_BLOCKS = YES;
				GCC_WARN_64_TO_32_BIT_CONVERSION = YES;
				GCC_WARN_ABOUT_RETURN_TYPE = YES_ERROR;
				GCC_WARN_UNDECLARED_SELECTOR = YES;
				GCC_WARN_UNINITIALIZED_AUTOS = YES_AGGRESSIVE;
				GCC_WARN_UNUSED_FUNCTION = YES;
				GCC_WARN_UNUSED_VARIABLE = YES;
				IPHONEOS_DEPLOYMENT_TARGET = 10.3;
				MTL_ENABLE_DEBUG_INFO = NO;
				SDKROOT = iphoneos;
				SWIFT_OPTIMIZATION_LEVEL = "-Owholemodule";
				TARGETED_DEVICE_FAMILY = "1,2";
				VALIDATE_PRODUCT = YES;
			};
			name = Release;
		};
		BF1007931F52732B00BB9FF9 /* Debug */ = {
			isa = XCBuildConfiguration;
			baseConfigurationReference = CCB4A68B790B10DF02D639BD /* Pods-NotMyAnimeList.debug.xcconfig */;
			buildSettings = {
				ASSETCATALOG_COMPILER_APPICON_NAME = AppIcon;
				INFOPLIST_FILE = NotMyAnimeList/Info.plist;
				LD_RUNPATH_SEARCH_PATHS = "$(inherited) @executable_path/Frameworks";
				PRODUCT_BUNDLE_IDENTIFIER = org.isaacdelgado.NotMyAnimeList;
				PRODUCT_NAME = "$(TARGET_NAME)";
				SWIFT_VERSION = 3.0;
			};
			name = Debug;
		};
		BF1007941F52732B00BB9FF9 /* Release */ = {
			isa = XCBuildConfiguration;
			baseConfigurationReference = 9E7125901CB9969916FFD457 /* Pods-NotMyAnimeList.release.xcconfig */;
			buildSettings = {
				ASSETCATALOG_COMPILER_APPICON_NAME = AppIcon;
				INFOPLIST_FILE = NotMyAnimeList/Info.plist;
				LD_RUNPATH_SEARCH_PATHS = "$(inherited) @executable_path/Frameworks";
				PRODUCT_BUNDLE_IDENTIFIER = org.isaacdelgado.NotMyAnimeList;
				PRODUCT_NAME = "$(TARGET_NAME)";
				SWIFT_VERSION = 3.0;
			};
			name = Release;
		};
/* End XCBuildConfiguration section */

/* Begin XCConfigurationList section */
		BF10077B1F52732B00BB9FF9 /* Build configuration list for PBXProject "NotMyAnimeList" */ = {
			isa = XCConfigurationList;
			buildConfigurations = (
				BF1007901F52732B00BB9FF9 /* Debug */,
				BF1007911F52732B00BB9FF9 /* Release */,
			);
			defaultConfigurationIsVisible = 0;
			defaultConfigurationName = Release;
		};
		BF1007921F52732B00BB9FF9 /* Build configuration list for PBXNativeTarget "NotMyAnimeList" */ = {
			isa = XCConfigurationList;
			buildConfigurations = (
				BF1007931F52732B00BB9FF9 /* Debug */,
				BF1007941F52732B00BB9FF9 /* Release */,
			);
			defaultConfigurationIsVisible = 0;
			defaultConfigurationName = Release;
		};
/* End XCConfigurationList section */
	};
	rootObject = BF1007781F52732B00BB9FF9 /* Project object */;
}
